// !$*UTF8*$!
{
	archiveVersion = 1;
	classes = {
	};
	objectVersion = 56;
	objects = {

/* Begin PBXBuildFile section */
		692E35542C159DE900B14E0D /* XMLCoder in Frameworks */ = {isa = PBXBuildFile; productRef = 692E35532C159DE900B14E0D /* XMLCoder */; };
		692E35582C15A4F200B14E0D /* YahooRSSFeedFetcher.swift in Sources */ = {isa = PBXBuildFile; fileRef = 692E35572C15A4F200B14E0D /* YahooRSSFeedFetcher.swift */; };
		692E355A2C15A5AA00B14E0D /* RSSFeedEntity.swift in Sources */ = {isa = PBXBuildFile; fileRef = 692E35592C15A5AA00B14E0D /* RSSFeedEntity.swift */; };
		692E355E2C15AA5600B14E0D /* YahooRSSFeedRepository.swift in Sources */ = {isa = PBXBuildFile; fileRef = 692E355D2C15AA5600B14E0D /* YahooRSSFeedRepository.swift */; };
		692E35622C15AC6500B14E0D /* RSSFeedError.swift in Sources */ = {isa = PBXBuildFile; fileRef = 692E35612C15AC6500B14E0D /* RSSFeedError.swift */; };
		692E35642C166B1D00B14E0D /* SplashView.swift in Sources */ = {isa = PBXBuildFile; fileRef = 692E35632C166B1D00B14E0D /* SplashView.swift */; };
		692E35662C166B2800B14E0D /* LoginView.swift in Sources */ = {isa = PBXBuildFile; fileRef = 692E35652C166B2800B14E0D /* LoginView.swift */; };
		692E35682C166B3500B14E0D /* SignUpView.swift in Sources */ = {isa = PBXBuildFile; fileRef = 692E35672C166B3500B14E0D /* SignUpView.swift */; };
		692E356A2C166B4B00B14E0D /* RSSFeedSelectionView.swift in Sources */ = {isa = PBXBuildFile; fileRef = 692E35692C166B4B00B14E0D /* RSSFeedSelectionView.swift */; };
		692E356C2C166B5300B14E0D /* FeedListView.swift in Sources */ = {isa = PBXBuildFile; fileRef = 692E356B2C166B5300B14E0D /* FeedListView.swift */; };
		692E356E2C166B5F00B14E0D /* ArticleDetailView.swift in Sources */ = {isa = PBXBuildFile; fileRef = 692E356D2C166B5F00B14E0D /* ArticleDetailView.swift */; };
		692E35702C166B6B00B14E0D /* SettingsView.swift in Sources */ = {isa = PBXBuildFile; fileRef = 692E356F2C166B6B00B14E0D /* SettingsView.swift */; };
		692E35722C166B7400B14E0D /* SettingsDetailView.swift in Sources */ = {isa = PBXBuildFile; fileRef = 692E35712C166B7400B14E0D /* SettingsDetailView.swift */; };
		69F8B3542C126B3700C9915E /* TrainingRSSReaderApp.swift in Sources */ = {isa = PBXBuildFile; fileRef = 69F8B3532C126B3700C9915E /* TrainingRSSReaderApp.swift */; };
		69F8B3562C126B3700C9915E /* ContentView.swift in Sources */ = {isa = PBXBuildFile; fileRef = 69F8B3552C126B3700C9915E /* ContentView.swift */; };
		69F8B3582C126B3800C9915E /* Assets.xcassets in Resources */ = {isa = PBXBuildFile; fileRef = 69F8B3572C126B3800C9915E /* Assets.xcassets */; };
		69F8B35B2C126B3800C9915E /* Preview Assets.xcassets in Resources */ = {isa = PBXBuildFile; fileRef = 69F8B35A2C126B3800C9915E /* Preview Assets.xcassets */; };
		69F8B3652C126B3900C9915E /* TrainingRSSReaderTests.swift in Sources */ = {isa = PBXBuildFile; fileRef = 69F8B3642C126B3900C9915E /* TrainingRSSReaderTests.swift */; };
		69F8B36F2C126B3900C9915E /* TrainingRSSReaderUITests.swift in Sources */ = {isa = PBXBuildFile; fileRef = 69F8B36E2C126B3900C9915E /* TrainingRSSReaderUITests.swift */; };
		69F8B3712C126B3900C9915E /* TrainingRSSReaderUITestsLaunchTests.swift in Sources */ = {isa = PBXBuildFile; fileRef = 69F8B3702C126B3900C9915E /* TrainingRSSReaderUITestsLaunchTests.swift */; };
		69F8B3812C13278700C9915E /* YhahooRSSTest.swift in Sources */ = {isa = PBXBuildFile; fileRef = 69F8B3802C13278700C9915E /* YhahooRSSTest.swift */; };
/* End PBXBuildFile section */

/* Begin PBXContainerItemProxy section */
		69F8B3612C126B3900C9915E /* PBXContainerItemProxy */ = {
			isa = PBXContainerItemProxy;
			containerPortal = 69F8B3482C126B3700C9915E /* Project object */;
			proxyType = 1;
			remoteGlobalIDString = 69F8B34F2C126B3700C9915E;
			remoteInfo = TrainingRSSReader;
		};
		69F8B36B2C126B3900C9915E /* PBXContainerItemProxy */ = {
			isa = PBXContainerItemProxy;
			containerPortal = 69F8B3482C126B3700C9915E /* Project object */;
			proxyType = 1;
			remoteGlobalIDString = 69F8B34F2C126B3700C9915E;
			remoteInfo = TrainingRSSReader;
		};
/* End PBXContainerItemProxy section */

/* Begin PBXFileReference section */
		692E35572C15A4F200B14E0D /* YahooRSSFeedFetcher.swift */ = {isa = PBXFileReference; lastKnownFileType = sourcecode.swift; path = YahooRSSFeedFetcher.swift; sourceTree = "<group>"; };
		692E35592C15A5AA00B14E0D /* RSSFeedEntity.swift */ = {isa = PBXFileReference; lastKnownFileType = sourcecode.swift; path = RSSFeedEntity.swift; sourceTree = "<group>"; };
		692E355D2C15AA5600B14E0D /* YahooRSSFeedRepository.swift */ = {isa = PBXFileReference; lastKnownFileType = sourcecode.swift; path = YahooRSSFeedRepository.swift; sourceTree = "<group>"; };
		692E35612C15AC6500B14E0D /* RSSFeedError.swift */ = {isa = PBXFileReference; lastKnownFileType = sourcecode.swift; path = RSSFeedError.swift; sourceTree = "<group>"; };
		692E35632C166B1D00B14E0D /* SplashView.swift */ = {isa = PBXFileReference; lastKnownFileType = sourcecode.swift; path = SplashView.swift; sourceTree = "<group>"; };
		692E35652C166B2800B14E0D /* LoginView.swift */ = {isa = PBXFileReference; lastKnownFileType = sourcecode.swift; path = LoginView.swift; sourceTree = "<group>"; };
		692E35672C166B3500B14E0D /* SignUpView.swift */ = {isa = PBXFileReference; lastKnownFileType = sourcecode.swift; path = SignUpView.swift; sourceTree = "<group>"; };
		692E35692C166B4B00B14E0D /* RSSFeedSelectionView.swift */ = {isa = PBXFileReference; lastKnownFileType = sourcecode.swift; path = RSSFeedSelectionView.swift; sourceTree = "<group>"; };
		692E356B2C166B5300B14E0D /* FeedListView.swift */ = {isa = PBXFileReference; lastKnownFileType = sourcecode.swift; path = FeedListView.swift; sourceTree = "<group>"; };
		692E356D2C166B5F00B14E0D /* ArticleDetailView.swift */ = {isa = PBXFileReference; lastKnownFileType = sourcecode.swift; path = ArticleDetailView.swift; sourceTree = "<group>"; };
		692E356F2C166B6B00B14E0D /* SettingsView.swift */ = {isa = PBXFileReference; lastKnownFileType = sourcecode.swift; path = SettingsView.swift; sourceTree = "<group>"; };
		692E35712C166B7400B14E0D /* SettingsDetailView.swift */ = {isa = PBXFileReference; lastKnownFileType = sourcecode.swift; path = SettingsDetailView.swift; sourceTree = "<group>"; };
		69F8B3502C126B3700C9915E /* TrainingRSSReader.app */ = {isa = PBXFileReference; explicitFileType = wrapper.application; includeInIndex = 0; path = TrainingRSSReader.app; sourceTree = BUILT_PRODUCTS_DIR; };
		69F8B3532C126B3700C9915E /* TrainingRSSReaderApp.swift */ = {isa = PBXFileReference; lastKnownFileType = sourcecode.swift; path = TrainingRSSReaderApp.swift; sourceTree = "<group>"; };
		69F8B3552C126B3700C9915E /* ContentView.swift */ = {isa = PBXFileReference; lastKnownFileType = sourcecode.swift; path = ContentView.swift; sourceTree = "<group>"; };
		69F8B3572C126B3800C9915E /* Assets.xcassets */ = {isa = PBXFileReference; lastKnownFileType = folder.assetcatalog; path = Assets.xcassets; sourceTree = "<group>"; };
		69F8B35A2C126B3800C9915E /* Preview Assets.xcassets */ = {isa = PBXFileReference; lastKnownFileType = folder.assetcatalog; path = "Preview Assets.xcassets"; sourceTree = "<group>"; };
		69F8B3602C126B3900C9915E /* TrainingRSSReaderTests.xctest */ = {isa = PBXFileReference; explicitFileType = wrapper.cfbundle; includeInIndex = 0; path = TrainingRSSReaderTests.xctest; sourceTree = BUILT_PRODUCTS_DIR; };
		69F8B3642C126B3900C9915E /* TrainingRSSReaderTests.swift */ = {isa = PBXFileReference; lastKnownFileType = sourcecode.swift; path = TrainingRSSReaderTests.swift; sourceTree = "<group>"; };
		69F8B36A2C126B3900C9915E /* TrainingRSSReaderUITests.xctest */ = {isa = PBXFileReference; explicitFileType = wrapper.cfbundle; includeInIndex = 0; path = TrainingRSSReaderUITests.xctest; sourceTree = BUILT_PRODUCTS_DIR; };
		69F8B36E2C126B3900C9915E /* TrainingRSSReaderUITests.swift */ = {isa = PBXFileReference; lastKnownFileType = sourcecode.swift; path = TrainingRSSReaderUITests.swift; sourceTree = "<group>"; };
		69F8B3702C126B3900C9915E /* TrainingRSSReaderUITestsLaunchTests.swift */ = {isa = PBXFileReference; lastKnownFileType = sourcecode.swift; path = TrainingRSSReaderUITestsLaunchTests.swift; sourceTree = "<group>"; };
		69F8B3802C13278700C9915E /* YhahooRSSTest.swift */ = {isa = PBXFileReference; lastKnownFileType = sourcecode.swift; path = YhahooRSSTest.swift; sourceTree = "<group>"; };
/* End PBXFileReference section */

/* Begin PBXFrameworksBuildPhase section */
		69F8B34D2C126B3700C9915E /* Frameworks */ = {
			isa = PBXFrameworksBuildPhase;
			buildActionMask = 2147483647;
			files = (
				692E35542C159DE900B14E0D /* XMLCoder in Frameworks */,
			);
			runOnlyForDeploymentPostprocessing = 0;
		};
		69F8B35D2C126B3900C9915E /* Frameworks */ = {
			isa = PBXFrameworksBuildPhase;
			buildActionMask = 2147483647;
			files = (
			);
			runOnlyForDeploymentPostprocessing = 0;
		};
		69F8B3672C126B3900C9915E /* Frameworks */ = {
			isa = PBXFrameworksBuildPhase;
			buildActionMask = 2147483647;
			files = (
			);
			runOnlyForDeploymentPostprocessing = 0;
		};
/* End PBXFrameworksBuildPhase section */

/* Begin PBXGroup section */
		692E355F2C15AAEB00B14E0D /* Data */ = {
			isa = PBXGroup;
			children = (
				692E355D2C15AA5600B14E0D /* YahooRSSFeedRepository.swift */,
				692E35572C15A4F200B14E0D /* YahooRSSFeedFetcher.swift */,
				692E35592C15A5AA00B14E0D /* RSSFeedEntity.swift */,
			);
			path = Data;
			sourceTree = "<group>";
		};
		692E35602C15AC2200B14E0D /* Model */ = {
			isa = PBXGroup;
			children = (
				692E35612C15AC6500B14E0D /* RSSFeedError.swift */,
				692E355F2C15AAEB00B14E0D /* Data */,
			);
			path = Model;
			sourceTree = "<group>";
		};
		692E35732C166B8800B14E0D /* View */ = {
			isa = PBXGroup;
			children = (
				692E35632C166B1D00B14E0D /* SplashView.swift */,
				692E35652C166B2800B14E0D /* LoginView.swift */,
				692E35672C166B3500B14E0D /* SignUpView.swift */,
				692E35692C166B4B00B14E0D /* RSSFeedSelectionView.swift */,
				692E356B2C166B5300B14E0D /* FeedListView.swift */,
				692E356D2C166B5F00B14E0D /* ArticleDetailView.swift */,
				692E356F2C166B6B00B14E0D /* SettingsView.swift */,
				692E35712C166B7400B14E0D /* SettingsDetailView.swift */,
			);
			path = View;
			sourceTree = "<group>";
		};
		69F8B3472C126B3700C9915E = {
			isa = PBXGroup;
			children = (
				69F8B3522C126B3700C9915E /* TrainingRSSReader */,
				69F8B3632C126B3900C9915E /* TrainingRSSReaderTests */,
				69F8B36D2C126B3900C9915E /* TrainingRSSReaderUITests */,
				69F8B3512C126B3700C9915E /* Products */,
			);
			sourceTree = "<group>";
		};
		69F8B3512C126B3700C9915E /* Products */ = {
			isa = PBXGroup;
			children = (
				69F8B3502C126B3700C9915E /* TrainingRSSReader.app */,
				69F8B3602C126B3900C9915E /* TrainingRSSReaderTests.xctest */,
				69F8B36A2C126B3900C9915E /* TrainingRSSReaderUITests.xctest */,
			);
			name = Products;
			sourceTree = "<group>";
		};
		69F8B3522C126B3700C9915E /* TrainingRSSReader */ = {
			isa = PBXGroup;
			children = (
				69F8B3532C126B3700C9915E /* TrainingRSSReaderApp.swift */,
				69F8B3552C126B3700C9915E /* ContentView.swift */,
				69F8B3802C13278700C9915E /* YhahooRSSTest.swift */,
				692E35732C166B8800B14E0D /* View */,
				692E35602C15AC2200B14E0D /* Model */,
				69F8B3572C126B3800C9915E /* Assets.xcassets */,
				69F8B3592C126B3800C9915E /* Preview Content */,
			);
			path = TrainingRSSReader;
			sourceTree = "<group>";
		};
		69F8B3592C126B3800C9915E /* Preview Content */ = {
			isa = PBXGroup;
			children = (
				69F8B35A2C126B3800C9915E /* Preview Assets.xcassets */,
			);
			path = "Preview Content";
			sourceTree = "<group>";
		};
		69F8B3632C126B3900C9915E /* TrainingRSSReaderTests */ = {
			isa = PBXGroup;
			children = (
				69F8B3642C126B3900C9915E /* TrainingRSSReaderTests.swift */,
			);
			path = TrainingRSSReaderTests;
			sourceTree = "<group>";
		};
		69F8B36D2C126B3900C9915E /* TrainingRSSReaderUITests */ = {
			isa = PBXGroup;
			children = (
				69F8B36E2C126B3900C9915E /* TrainingRSSReaderUITests.swift */,
				69F8B3702C126B3900C9915E /* TrainingRSSReaderUITestsLaunchTests.swift */,
			);
			path = TrainingRSSReaderUITests;
			sourceTree = "<group>";
		};
/* End PBXGroup section */

/* Begin PBXNativeTarget section */
		69F8B34F2C126B3700C9915E /* TrainingRSSReader */ = {
			isa = PBXNativeTarget;
			buildConfigurationList = 69F8B3742C126B3900C9915E /* Build configuration list for PBXNativeTarget "TrainingRSSReader" */;
			buildPhases = (
				69F8B34C2C126B3700C9915E /* Sources */,
				69F8B34D2C126B3700C9915E /* Frameworks */,
				69F8B34E2C126B3700C9915E /* Resources */,
			);
			buildRules = (
			);
			dependencies = (
				69F8B37F2C13106900C9915E /* PBXTargetDependency */,
			);
			name = TrainingRSSReader;
			packageProductDependencies = (
				692E35532C159DE900B14E0D /* XMLCoder */,
			);
			productName = TrainingRSSReader;
			productReference = 69F8B3502C126B3700C9915E /* TrainingRSSReader.app */;
			productType = "com.apple.product-type.application";
		};
		69F8B35F2C126B3900C9915E /* TrainingRSSReaderTests */ = {
			isa = PBXNativeTarget;
			buildConfigurationList = 69F8B3772C126B3900C9915E /* Build configuration list for PBXNativeTarget "TrainingRSSReaderTests" */;
			buildPhases = (
				69F8B35C2C126B3900C9915E /* Sources */,
				69F8B35D2C126B3900C9915E /* Frameworks */,
				69F8B35E2C126B3900C9915E /* Resources */,
			);
			buildRules = (
			);
			dependencies = (
				69F8B3622C126B3900C9915E /* PBXTargetDependency */,
			);
			name = TrainingRSSReaderTests;
			productName = TrainingRSSReaderTests;
			productReference = 69F8B3602C126B3900C9915E /* TrainingRSSReaderTests.xctest */;
			productType = "com.apple.product-type.bundle.unit-test";
		};
		69F8B3692C126B3900C9915E /* TrainingRSSReaderUITests */ = {
			isa = PBXNativeTarget;
			buildConfigurationList = 69F8B37A2C126B3900C9915E /* Build configuration list for PBXNativeTarget "TrainingRSSReaderUITests" */;
			buildPhases = (
				69F8B3662C126B3900C9915E /* Sources */,
				69F8B3672C126B3900C9915E /* Frameworks */,
				69F8B3682C126B3900C9915E /* Resources */,
			);
			buildRules = (
			);
			dependencies = (
				69F8B36C2C126B3900C9915E /* PBXTargetDependency */,
			);
			name = TrainingRSSReaderUITests;
			productName = TrainingRSSReaderUITests;
			productReference = 69F8B36A2C126B3900C9915E /* TrainingRSSReaderUITests.xctest */;
			productType = "com.apple.product-type.bundle.ui-testing";
		};
/* End PBXNativeTarget section */

/* Begin PBXProject section */
		69F8B3482C126B3700C9915E /* Project object */ = {
			isa = PBXProject;
			attributes = {
				BuildIndependentTargetsInParallel = 1;
				LastSwiftUpdateCheck = 1540;
				LastUpgradeCheck = 1540;
				TargetAttributes = {
					69F8B34F2C126B3700C9915E = {
						CreatedOnToolsVersion = 15.4;
					};
					69F8B35F2C126B3900C9915E = {
						CreatedOnToolsVersion = 15.4;
						TestTargetID = 69F8B34F2C126B3700C9915E;
					};
					69F8B3692C126B3900C9915E = {
						CreatedOnToolsVersion = 15.4;
						TestTargetID = 69F8B34F2C126B3700C9915E;
					};
				};
			};
			buildConfigurationList = 69F8B34B2C126B3700C9915E /* Build configuration list for PBXProject "TrainingRSSReader" */;
			compatibilityVersion = "Xcode 14.0";
			developmentRegion = en;
			hasScannedForEncodings = 0;
			knownRegions = (
				en,
				Base,
			);
			mainGroup = 69F8B3472C126B3700C9915E;
			packageReferences = (
				69F8B37D2C127FE700C9915E /* XCRemoteSwiftPackageReference "SwiftLint" */,
				692E35522C159CD300B14E0D /* XCRemoteSwiftPackageReference "XMLCoder" */,
			);
			productRefGroup = 69F8B3512C126B3700C9915E /* Products */;
			projectDirPath = "";
			projectRoot = "";
			targets = (
				69F8B34F2C126B3700C9915E /* TrainingRSSReader */,
				69F8B35F2C126B3900C9915E /* TrainingRSSReaderTests */,
				69F8B3692C126B3900C9915E /* TrainingRSSReaderUITests */,
			);
		};
/* End PBXProject section */

/* Begin PBXResourcesBuildPhase section */
		69F8B34E2C126B3700C9915E /* Resources */ = {
			isa = PBXResourcesBuildPhase;
			buildActionMask = 2147483647;
			files = (
				69F8B35B2C126B3800C9915E /* Preview Assets.xcassets in Resources */,
				69F8B3582C126B3800C9915E /* Assets.xcassets in Resources */,
			);
			runOnlyForDeploymentPostprocessing = 0;
		};
		69F8B35E2C126B3900C9915E /* Resources */ = {
			isa = PBXResourcesBuildPhase;
			buildActionMask = 2147483647;
			files = (
			);
			runOnlyForDeploymentPostprocessing = 0;
		};
		69F8B3682C126B3900C9915E /* Resources */ = {
			isa = PBXResourcesBuildPhase;
			buildActionMask = 2147483647;
			files = (
			);
			runOnlyForDeploymentPostprocessing = 0;
		};
/* End PBXResourcesBuildPhase section */

/* Begin PBXSourcesBuildPhase section */
		69F8B34C2C126B3700C9915E /* Sources */ = {
			isa = PBXSourcesBuildPhase;
			buildActionMask = 2147483647;
			files = (
				692E356C2C166B5300B14E0D /* FeedListView.swift in Sources */,
				692E35722C166B7400B14E0D /* SettingsDetailView.swift in Sources */,
				692E356E2C166B5F00B14E0D /* ArticleDetailView.swift in Sources */,
				692E355A2C15A5AA00B14E0D /* RSSFeedEntity.swift in Sources */,
				692E35642C166B1D00B14E0D /* SplashView.swift in Sources */,
				69F8B3812C13278700C9915E /* YhahooRSSTest.swift in Sources */,
				692E35662C166B2800B14E0D /* LoginView.swift in Sources */,
				692E35622C15AC6500B14E0D /* RSSFeedError.swift in Sources */,
				692E35702C166B6B00B14E0D /* SettingsView.swift in Sources */,
				69F8B3562C126B3700C9915E /* ContentView.swift in Sources */,
				692E35682C166B3500B14E0D /* SignUpView.swift in Sources */,
				69F8B3542C126B3700C9915E /* TrainingRSSReaderApp.swift in Sources */,
				692E356A2C166B4B00B14E0D /* RSSFeedSelectionView.swift in Sources */,
				692E35582C15A4F200B14E0D /* YahooRSSFeedFetcher.swift in Sources */,
				692E355E2C15AA5600B14E0D /* YahooRSSFeedRepository.swift in Sources */,
			);
			runOnlyForDeploymentPostprocessing = 0;
		};
		69F8B35C2C126B3900C9915E /* Sources */ = {
			isa = PBXSourcesBuildPhase;
			buildActionMask = 2147483647;
			files = (
				69F8B3652C126B3900C9915E /* TrainingRSSReaderTests.swift in Sources */,
			);
			runOnlyForDeploymentPostprocessing = 0;
		};
		69F8B3662C126B3900C9915E /* Sources */ = {
			isa = PBXSourcesBuildPhase;
			buildActionMask = 2147483647;
			files = (
				69F8B3712C126B3900C9915E /* TrainingRSSReaderUITestsLaunchTests.swift in Sources */,
				69F8B36F2C126B3900C9915E /* TrainingRSSReaderUITests.swift in Sources */,
			);
			runOnlyForDeploymentPostprocessing = 0;
		};
/* End PBXSourcesBuildPhase section */

/* Begin PBXTargetDependency section */
		69F8B3622C126B3900C9915E /* PBXTargetDependency */ = {
			isa = PBXTargetDependency;
			target = 69F8B34F2C126B3700C9915E /* TrainingRSSReader */;
			targetProxy = 69F8B3612C126B3900C9915E /* PBXContainerItemProxy */;
		};
		69F8B36C2C126B3900C9915E /* PBXTargetDependency */ = {
			isa = PBXTargetDependency;
			target = 69F8B34F2C126B3700C9915E /* TrainingRSSReader */;
			targetProxy = 69F8B36B2C126B3900C9915E /* PBXContainerItemProxy */;
		};
		69F8B37F2C13106900C9915E /* PBXTargetDependency */ = {
			isa = PBXTargetDependency;
			productRef = 69F8B37E2C13106900C9915E /* SwiftLintBuildToolPlugin */;
		};
/* End PBXTargetDependency section */

/* Begin XCBuildConfiguration section */
		69F8B3722C126B3900C9915E /* Debug */ = {
			isa = XCBuildConfiguration;
			buildSettings = {
				ALWAYS_SEARCH_USER_PATHS = NO;
				ASSETCATALOG_COMPILER_GENERATE_SWIFT_ASSET_SYMBOL_EXTENSIONS = YES;
				CLANG_ANALYZER_NONNULL = YES;
				CLANG_ANALYZER_NUMBER_OBJECT_CONVERSION = YES_AGGRESSIVE;
				CLANG_CXX_LANGUAGE_STANDARD = "gnu++20";
				CLANG_ENABLE_MODULES = YES;
				CLANG_ENABLE_OBJC_ARC = YES;
				CLANG_ENABLE_OBJC_WEAK = YES;
				CLANG_WARN_BLOCK_CAPTURE_AUTORELEASING = YES;
				CLANG_WARN_BOOL_CONVERSION = YES;
				CLANG_WARN_COMMA = YES;
				CLANG_WARN_CONSTANT_CONVERSION = YES;
				CLANG_WARN_DEPRECATED_OBJC_IMPLEMENTATIONS = YES;
				CLANG_WARN_DIRECT_OBJC_ISA_USAGE = YES_ERROR;
				CLANG_WARN_DOCUMENTATION_COMMENTS = YES;
				CLANG_WARN_EMPTY_BODY = YES;
				CLANG_WARN_ENUM_CONVERSION = YES;
				CLANG_WARN_INFINITE_RECURSION = YES;
				CLANG_WARN_INT_CONVERSION = YES;
				CLANG_WARN_NON_LITERAL_NULL_CONVERSION = YES;
				CLANG_WARN_OBJC_IMPLICIT_RETAIN_SELF = YES;
				CLANG_WARN_OBJC_LITERAL_CONVERSION = YES;
				CLANG_WARN_OBJC_ROOT_CLASS = YES_ERROR;
				CLANG_WARN_QUOTED_INCLUDE_IN_FRAMEWORK_HEADER = YES;
				CLANG_WARN_RANGE_LOOP_ANALYSIS = YES;
				CLANG_WARN_STRICT_PROTOTYPES = YES;
				CLANG_WARN_SUSPICIOUS_MOVE = YES;
				CLANG_WARN_UNGUARDED_AVAILABILITY = YES_AGGRESSIVE;
				CLANG_WARN_UNREACHABLE_CODE = YES;
				CLANG_WARN__DUPLICATE_METHOD_MATCH = YES;
				COPY_PHASE_STRIP = NO;
				DEBUG_INFORMATION_FORMAT = dwarf;
				ENABLE_STRICT_OBJC_MSGSEND = YES;
				ENABLE_TESTABILITY = YES;
				ENABLE_USER_SCRIPT_SANDBOXING = YES;
				GCC_C_LANGUAGE_STANDARD = gnu17;
				GCC_DYNAMIC_NO_PIC = NO;
				GCC_NO_COMMON_BLOCKS = YES;
				GCC_OPTIMIZATION_LEVEL = 0;
				GCC_PREPROCESSOR_DEFINITIONS = (
					"DEBUG=1",
					"$(inherited)",
				);
				GCC_WARN_64_TO_32_BIT_CONVERSION = YES;
				GCC_WARN_ABOUT_RETURN_TYPE = YES_ERROR;
				GCC_WARN_UNDECLARED_SELECTOR = YES;
				GCC_WARN_UNINITIALIZED_AUTOS = YES_AGGRESSIVE;
				GCC_WARN_UNUSED_FUNCTION = YES;
				GCC_WARN_UNUSED_VARIABLE = YES;
				IPHONEOS_DEPLOYMENT_TARGET = 17.5;
				LOCALIZATION_PREFERS_STRING_CATALOGS = YES;
				MTL_ENABLE_DEBUG_INFO = INCLUDE_SOURCE;
				MTL_FAST_MATH = YES;
				ONLY_ACTIVE_ARCH = YES;
				SDKROOT = iphoneos;
				SWIFT_ACTIVE_COMPILATION_CONDITIONS = "DEBUG $(inherited)";
				SWIFT_OPTIMIZATION_LEVEL = "-Onone";
			};
			name = Debug;
		};
		69F8B3732C126B3900C9915E /* Release */ = {
			isa = XCBuildConfiguration;
			buildSettings = {
				ALWAYS_SEARCH_USER_PATHS = NO;
				ASSETCATALOG_COMPILER_GENERATE_SWIFT_ASSET_SYMBOL_EXTENSIONS = YES;
				CLANG_ANALYZER_NONNULL = YES;
				CLANG_ANALYZER_NUMBER_OBJECT_CONVERSION = YES_AGGRESSIVE;
				CLANG_CXX_LANGUAGE_STANDARD = "gnu++20";
				CLANG_ENABLE_MODULES = YES;
				CLANG_ENABLE_OBJC_ARC = YES;
				CLANG_ENABLE_OBJC_WEAK = YES;
				CLANG_WARN_BLOCK_CAPTURE_AUTORELEASING = YES;
				CLANG_WARN_BOOL_CONVERSION = YES;
				CLANG_WARN_COMMA = YES;
				CLANG_WARN_CONSTANT_CONVERSION = YES;
				CLANG_WARN_DEPRECATED_OBJC_IMPLEMENTATIONS = YES;
				CLANG_WARN_DIRECT_OBJC_ISA_USAGE = YES_ERROR;
				CLANG_WARN_DOCUMENTATION_COMMENTS = YES;
				CLANG_WARN_EMPTY_BODY = YES;
				CLANG_WARN_ENUM_CONVERSION = YES;
				CLANG_WARN_INFINITE_RECURSION = YES;
				CLANG_WARN_INT_CONVERSION = YES;
				CLANG_WARN_NON_LITERAL_NULL_CONVERSION = YES;
				CLANG_WARN_OBJC_IMPLICIT_RETAIN_SELF = YES;
				CLANG_WARN_OBJC_LITERAL_CONVERSION = YES;
				CLANG_WARN_OBJC_ROOT_CLASS = YES_ERROR;
				CLANG_WARN_QUOTED_INCLUDE_IN_FRAMEWORK_HEADER = YES;
				CLANG_WARN_RANGE_LOOP_ANALYSIS = YES;
				CLANG_WARN_STRICT_PROTOTYPES = YES;
				CLANG_WARN_SUSPICIOUS_MOVE = YES;
				CLANG_WARN_UNGUARDED_AVAILABILITY = YES_AGGRESSIVE;
				CLANG_WARN_UNREACHABLE_CODE = YES;
				CLANG_WARN__DUPLICATE_METHOD_MATCH = YES;
				COPY_PHASE_STRIP = NO;
				DEBUG_INFORMATION_FORMAT = "dwarf-with-dsym";
				ENABLE_NS_ASSERTIONS = NO;
				ENABLE_STRICT_OBJC_MSGSEND = YES;
				ENABLE_USER_SCRIPT_SANDBOXING = YES;
				GCC_C_LANGUAGE_STANDARD = gnu17;
				GCC_NO_COMMON_BLOCKS = YES;
				GCC_WARN_64_TO_32_BIT_CONVERSION = YES;
				GCC_WARN_ABOUT_RETURN_TYPE = YES_ERROR;
				GCC_WARN_UNDECLARED_SELECTOR = YES;
				GCC_WARN_UNINITIALIZED_AUTOS = YES_AGGRESSIVE;
				GCC_WARN_UNUSED_FUNCTION = YES;
				GCC_WARN_UNUSED_VARIABLE = YES;
				IPHONEOS_DEPLOYMENT_TARGET = 17.5;
				LOCALIZATION_PREFERS_STRING_CATALOGS = YES;
				MTL_ENABLE_DEBUG_INFO = NO;
				MTL_FAST_MATH = YES;
				SDKROOT = iphoneos;
				SWIFT_COMPILATION_MODE = wholemodule;
				VALIDATE_PRODUCT = YES;
			};
			name = Release;
		};
		69F8B3752C126B3900C9915E /* Debug */ = {
			isa = XCBuildConfiguration;
			buildSettings = {
				ASSETCATALOG_COMPILER_APPICON_NAME = AppIcon;
				ASSETCATALOG_COMPILER_GLOBAL_ACCENT_COLOR_NAME = AccentColor;
				CODE_SIGN_STYLE = Automatic;
				CURRENT_PROJECT_VERSION = 1;
				DEVELOPMENT_ASSET_PATHS = "\"TrainingRSSReader/Preview Content\"";
				DEVELOPMENT_TEAM = 6NMWZ48XL4;
				ENABLE_PREVIEWS = YES;
				GENERATE_INFOPLIST_FILE = YES;
				INFOPLIST_KEY_UIApplicationSceneManifest_Generation = YES;
				INFOPLIST_KEY_UIApplicationSupportsIndirectInputEvents = YES;
				INFOPLIST_KEY_UILaunchScreen_Generation = YES;
				INFOPLIST_KEY_UISupportedInterfaceOrientations_iPad = "UIInterfaceOrientationPortrait UIInterfaceOrientationPortraitUpsideDown UIInterfaceOrientationLandscapeLeft UIInterfaceOrientationLandscapeRight";
				INFOPLIST_KEY_UISupportedInterfaceOrientations_iPhone = "UIInterfaceOrientationPortrait UIInterfaceOrientationLandscapeLeft UIInterfaceOrientationLandscapeRight";
				LD_RUNPATH_SEARCH_PATHS = (
					"$(inherited)",
					"@executable_path/Frameworks",
				);
				MARKETING_VERSION = 1.0;
				PRODUCT_BUNDLE_IDENTIFIER = com.sako.TrainingRSSReader;
				PRODUCT_NAME = "$(TARGET_NAME)";
				SWIFT_EMIT_LOC_STRINGS = YES;
				SWIFT_VERSION = 5.0;
				TARGETED_DEVICE_FAMILY = "1,2";
			};
			name = Debug;
		};
		69F8B3762C126B3900C9915E /* Release */ = {
			isa = XCBuildConfiguration;
			buildSettings = {
				ASSETCATALOG_COMPILER_APPICON_NAME = AppIcon;
				ASSETCATALOG_COMPILER_GLOBAL_ACCENT_COLOR_NAME = AccentColor;
				CODE_SIGN_STYLE = Automatic;
				CURRENT_PROJECT_VERSION = 1;
				DEVELOPMENT_ASSET_PATHS = "\"TrainingRSSReader/Preview Content\"";
				DEVELOPMENT_TEAM = 6NMWZ48XL4;
				ENABLE_PREVIEWS = YES;
				GENERATE_INFOPLIST_FILE = YES;
				INFOPLIST_KEY_UIApplicationSceneManifest_Generation = YES;
				INFOPLIST_KEY_UIApplicationSupportsIndirectInputEvents = YES;
				INFOPLIST_KEY_UILaunchScreen_Generation = YES;
				INFOPLIST_KEY_UISupportedInterfaceOrientations_iPad = "UIInterfaceOrientationPortrait UIInterfaceOrientationPortraitUpsideDown UIInterfaceOrientationLandscapeLeft UIInterfaceOrientationLandscapeRight";
				INFOPLIST_KEY_UISupportedInterfaceOrientations_iPhone = "UIInterfaceOrientationPortrait UIInterfaceOrientationLandscapeLeft UIInterfaceOrientationLandscapeRight";
				LD_RUNPATH_SEARCH_PATHS = (
					"$(inherited)",
					"@executable_path/Frameworks",
				);
				MARKETING_VERSION = 1.0;
				PRODUCT_BUNDLE_IDENTIFIER = com.sako.TrainingRSSReader;
				PRODUCT_NAME = "$(TARGET_NAME)";
				SWIFT_EMIT_LOC_STRINGS = YES;
				SWIFT_VERSION = 5.0;
				TARGETED_DEVICE_FAMILY = "1,2";
			};
			name = Release;
		};
		69F8B3782C126B3900C9915E /* Debug */ = {
			isa = XCBuildConfiguration;
			buildSettings = {
				ALWAYS_EMBED_SWIFT_STANDARD_LIBRARIES = YES;
				BUNDLE_LOADER = "$(TEST_HOST)";
				CODE_SIGN_STYLE = Automatic;
				CURRENT_PROJECT_VERSION = 1;
				DEVELOPMENT_TEAM = 6NMWZ48XL4;
				GENERATE_INFOPLIST_FILE = YES;
				IPHONEOS_DEPLOYMENT_TARGET = 17.5;
				MARKETING_VERSION = 1.0;
				PRODUCT_BUNDLE_IDENTIFIER = com.sako.TrainingRSSReaderTests;
				PRODUCT_NAME = "$(TARGET_NAME)";
				SWIFT_EMIT_LOC_STRINGS = NO;
				SWIFT_VERSION = 5.0;
				TARGETED_DEVICE_FAMILY = "1,2";
				TEST_HOST = "$(BUILT_PRODUCTS_DIR)/TrainingRSSReader.app/$(BUNDLE_EXECUTABLE_FOLDER_PATH)/TrainingRSSReader";
			};
			name = Debug;
		};
		69F8B3792C126B3900C9915E /* Release */ = {
			isa = XCBuildConfiguration;
			buildSettings = {
				ALWAYS_EMBED_SWIFT_STANDARD_LIBRARIES = YES;
				BUNDLE_LOADER = "$(TEST_HOST)";
				CODE_SIGN_STYLE = Automatic;
				CURRENT_PROJECT_VERSION = 1;
				DEVELOPMENT_TEAM = 6NMWZ48XL4;
				GENERATE_INFOPLIST_FILE = YES;
				IPHONEOS_DEPLOYMENT_TARGET = 17.5;
				MARKETING_VERSION = 1.0;
				PRODUCT_BUNDLE_IDENTIFIER = com.sako.TrainingRSSReaderTests;
				PRODUCT_NAME = "$(TARGET_NAME)";
				SWIFT_EMIT_LOC_STRINGS = NO;
				SWIFT_VERSION = 5.0;
				TARGETED_DEVICE_FAMILY = "1,2";
				TEST_HOST = "$(BUILT_PRODUCTS_DIR)/TrainingRSSReader.app/$(BUNDLE_EXECUTABLE_FOLDER_PATH)/TrainingRSSReader";
			};
			name = Release;
		};
		69F8B37B2C126B3900C9915E /* Debug */ = {
			isa = XCBuildConfiguration;
			buildSettings = {
				ALWAYS_EMBED_SWIFT_STANDARD_LIBRARIES = YES;
				CODE_SIGN_STYLE = Automatic;
				CURRENT_PROJECT_VERSION = 1;
				DEVELOPMENT_TEAM = 6NMWZ48XL4;
				GENERATE_INFOPLIST_FILE = YES;
				MARKETING_VERSION = 1.0;
				PRODUCT_BUNDLE_IDENTIFIER = com.sako.TrainingRSSReaderUITests;
				PRODUCT_NAME = "$(TARGET_NAME)";
				SWIFT_EMIT_LOC_STRINGS = NO;
				SWIFT_VERSION = 5.0;
				TARGETED_DEVICE_FAMILY = "1,2";
				TEST_TARGET_NAME = TrainingRSSReader;
			};
			name = Debug;
		};
		69F8B37C2C126B3900C9915E /* Release */ = {
			isa = XCBuildConfiguration;
			buildSettings = {
				ALWAYS_EMBED_SWIFT_STANDARD_LIBRARIES = YES;
				CODE_SIGN_STYLE = Automatic;
				CURRENT_PROJECT_VERSION = 1;
				DEVELOPMENT_TEAM = 6NMWZ48XL4;
				GENERATE_INFOPLIST_FILE = YES;
				MARKETING_VERSION = 1.0;
				PRODUCT_BUNDLE_IDENTIFIER = com.sako.TrainingRSSReaderUITests;
				PRODUCT_NAME = "$(TARGET_NAME)";
				SWIFT_EMIT_LOC_STRINGS = NO;
				SWIFT_VERSION = 5.0;
				TARGETED_DEVICE_FAMILY = "1,2";
				TEST_TARGET_NAME = TrainingRSSReader;
			};
			name = Release;
		};
/* End XCBuildConfiguration section */

/* Begin XCConfigurationList section */
		69F8B34B2C126B3700C9915E /* Build configuration list for PBXProject "TrainingRSSReader" */ = {
			isa = XCConfigurationList;
			buildConfigurations = (
				69F8B3722C126B3900C9915E /* Debug */,
				69F8B3732C126B3900C9915E /* Release */,
			);
			defaultConfigurationIsVisible = 0;
			defaultConfigurationName = Release;
		};
		69F8B3742C126B3900C9915E /* Build configuration list for PBXNativeTarget "TrainingRSSReader" */ = {
			isa = XCConfigurationList;
			buildConfigurations = (
				69F8B3752C126B3900C9915E /* Debug */,
				69F8B3762C126B3900C9915E /* Release */,
			);
			defaultConfigurationIsVisible = 0;
			defaultConfigurationName = Release;
		};
		69F8B3772C126B3900C9915E /* Build configuration list for PBXNativeTarget "TrainingRSSReaderTests" */ = {
			isa = XCConfigurationList;
			buildConfigurations = (
				69F8B3782C126B3900C9915E /* Debug */,
				69F8B3792C126B3900C9915E /* Release */,
			);
			defaultConfigurationIsVisible = 0;
			defaultConfigurationName = Release;
		};
		69F8B37A2C126B3900C9915E /* Build configuration list for PBXNativeTarget "TrainingRSSReaderUITests" */ = {
			isa = XCConfigurationList;
			buildConfigurations = (
				69F8B37B2C126B3900C9915E /* Debug */,
				69F8B37C2C126B3900C9915E /* Release */,
			);
			defaultConfigurationIsVisible = 0;
			defaultConfigurationName = Release;
		};
/* End XCConfigurationList section */

/* Begin XCRemoteSwiftPackageReference section */
		692E35522C159CD300B14E0D /* XCRemoteSwiftPackageReference "XMLCoder" */ = {
			isa = XCRemoteSwiftPackageReference;
			repositoryURL = "https://github.com/CoreOffice/XMLCoder.git";
			requirement = {
				kind = upToNextMajorVersion;
				minimumVersion = 0.17.1;
			};
		};
		69F8B37D2C127FE700C9915E /* XCRemoteSwiftPackageReference "SwiftLint" */ = {
			isa = XCRemoteSwiftPackageReference;
			repositoryURL = "https://github.com/realm/SwiftLint";
			requirement = {
				kind = upToNextMajorVersion;
				minimumVersion = 0.55.1;
			};
		};
/* End XCRemoteSwiftPackageReference section */

/* Begin XCSwiftPackageProductDependency section */
		692E35532C159DE900B14E0D /* XMLCoder */ = {
			isa = XCSwiftPackageProductDependency;
			package = 692E35522C159CD300B14E0D /* XCRemoteSwiftPackageReference "XMLCoder" */;
			productName = XMLCoder;
		};
		69F8B37E2C13106900C9915E /* SwiftLintBuildToolPlugin */ = {
			isa = XCSwiftPackageProductDependency;
			package = 69F8B37D2C127FE700C9915E /* XCRemoteSwiftPackageReference "SwiftLint" */;
			productName = "plugin:SwiftLintBuildToolPlugin";
		};
/* End XCSwiftPackageProductDependency section */
	};
	rootObject = 69F8B3482C126B3700C9915E /* Project object */;
}
